<?xml version="1.0" encoding="utf-8"?>
<Project ToolsVersion="4.0" xmlns="http://schemas.microsoft.com/developer/msbuild/2003">
  <ItemGroup>
    <ClCompile Include="AIPathFind.cpp" />
    <ClCompile Include="AiPathFindHeuristic.cpp" />
    <ClCompile Include="BotRoam.cpp" />
    <ClCompile Include="CharacterMovement.cpp" />
    <ClCompile Include="distCharToAi.cpp" />
    <ClCompile Include="Framework\console.cpp" />
    <ClCompile Include="Framework\timer.cpp" />
    <ClCompile Include="game.cpp" />
    <ClCompile Include="gametime.cpp" />
    <ClCompile Include="main.cpp" />
    <ClCompile Include="Puzzle2.cpp" />
    <ClCompile Include="score.cpp" />
    <ClCompile Include="storeMazeMap.cpp" />
    <ClCompile Include="gameState.cpp" />
  </ItemGroup>
  <ItemGroup>
    <ClInclude Include="AIPathFind.h" />
    <ClInclude Include="AiPathFindHeuristic.h" />
    <ClInclude Include="CharacterMovement.h" />
    <ClInclude Include="distCharToAi.h" />
    <ClInclude Include="Framework\console.h" />
    <ClInclude Include="Framework\timer.h" />
    <ClInclude Include="game.h" />
    <ClInclude Include="gametimer.h" />
    <ClInclude Include="score.h" />
    <ClInclude Include="storeMazeMap.h" />
    <ClInclude Include="Puzzle2.h" />
    <ClInclude Include="gameState.h" />
  </ItemGroup>
</Project>